
Microsoft Visual Studio Solution File, Format Version 12.00
# Visual Studio 2015
Project("{FAE04EC0-301F-11D3-BF4B-00C04F79EFBC}") = "TvsU.CSharp.Plugins", "TvsU.CSharp.Plugins.csproj", "{B119019C-26D6-4DA3-98B3-F9DE02E0D418}"
EndProject
Project("{FAE04EC0-301F-11D3-BF4B-00C04F79EFBC}") = "TvsU.CSharp", "TvsU.CSharp.csproj", "{7C1DF8BF-431D-05C5-FD24-78D6F6354C34}"
EndProject
Project("{FAE04EC0-301F-11D3-BF4B-00C04F79EFBC}") = "TvsU.CSharp.Editor", "TvsU.CSharp.Editor.csproj", "{0E2294B6-AF34-F710-18B8-C9FADFBAD6C8}"
EndProject
Global
	GlobalSection(SolutionConfigurationPlatforms) = preSolution
		Debug|Any CPU = Debug|Any CPU
		Release|Any CPU = Release|Any CPU
	EndGlobalSection
	GlobalSection(ProjectConfigurationPlatforms) = postSolution
		{B119019C-26D6-4DA3-98B3-F9DE02E0D418}.Debug|Any CPU.ActiveCfg = Debug|Any CPU
		{B119019C-26D6-4DA3-98B3-F9DE02E0D418}.Debug|Any CPU.Build.0 = Debug|Any CPU
		{B119019C-26D6-4DA3-98B3-F9DE02E0D418}.Release|Any CPU.ActiveCfg = Release|Any CPU
		{B119019C-26D6-4DA3-98B3-F9DE02E0D418}.Release|Any CPU.Build.0 = Release|Any CPU
		{7C1DF8BF-431D-05C5-FD24-78D6F6354C34}.Debug|Any CPU.ActiveCfg = Debug|Any CPU
		{7C1DF8BF-431D-05C5-FD24-78D6F6354C34}.Debug|Any CPU.Build.0 = Debug|Any CPU
		{7C1DF8BF-431D-05C5-FD24-78D6F6354C34}.Release|Any CPU.ActiveCfg = Release|Any CPU
		{7C1DF8BF-431D-05C5-FD24-78D6F6354C34}.Release|Any CPU.Build.0 = Release|Any CPU
		{0E2294B6-AF34-F710-18B8-C9FADFBAD6C8}.Debug|Any CPU.ActiveCfg = Debug|Any CPU
		{0E2294B6-AF34-F710-18B8-C9FADFBAD6C8}.Debug|Any CPU.Build.0 = Debug|Any CPU
		{0E2294B6-AF34-F710-18B8-C9FADFBAD6C8}.Release|Any CPU.ActiveCfg = Release|Any CPU
		{0E2294B6-AF34-F710-18B8-C9FADFBAD6C8}.Release|Any CPU.Build.0 = Release|Any CPU
	EndGlobalSection
	GlobalSection(SolutionProperties) = preSolution
		HideSolutionNode = FALSE
	EndGlobalSection
EndGlobal
